version = 1
revision = 3
requires-python = ">=3.13"

[[package]]
name = "memgraph-bench"
version = "0.1.0"
source = { virtual = "." }
dependencies = [
    { name = "neo4j" },
]

[package.metadata]
requires-dist = [{ name = "neo4j", specifier = "==6.3.1" }]

[[package]]
name = "neo4j"
version = "6.3.1"
source = { registry = "https://pypi.org/simple" }
dependencies = [
    { name = "pytz" },
]
sdist = { url = "https://files.pythonhosted.org/packages/59/46/7a562799679d0c9bd3f12d28b43591eb953efc975e1241536733c5d8bcd3/neo4j-6.3.1.tar.gz", hash = "sha256:e75530ca0691d69916c56acdb7401df4ee9e1d5084cfcfb3ede796db38667dcd", size = 242885, upload-time = "2026-09-15T08:08:32.67Z" }
wheels = [
    { url = "https://files.pythonhosted.org/packages/08/a5/e33f76f4eb7e72c350e65802151884048325f889ab5d156ce4b6d9bde959/neo4j-6.3.1-py3-none-any.whl", hash = "sha256:a1b702d356f88885c27bdcf7dcd56af76423dbff4e26064e5bf5dbf47af53044", size = 331462, upload-time = "2026-09-15T08:08:31.252Z" },
]

[[package]]
name = "pytz"
version = "2026.5"
source = { registry = "https://pypi.org/simple" }
sdist = { url = "https://files.pythonhosted.org/packages/14/21/d83d6ef28c4c912c4bb4d1dcf591f7b8c6bde87b9c66f9f454677314e16d/pytz-2026.5.tar.gz", hash = "sha256:fa23724b9c486543b9ff54a327ee7569ac83ade54bb9afd0fc18676620401c86", size = 318572, upload-time = "2026-10-04T02:37:58.719Z" }
wheels = [
    { url = "https://files.pythonhosted.org/packages/4f/ef/c66110d46fb800dda0bf33164182dfadabe26a90e4476844d502a23dca8e/pytz-2026.5-py2.py3-none-any.whl", hash = "sha256:e658af3757f9e26a9d25dd2aff38335acd92bc9104f890a894b2c1ba28311b03", size = 506342, upload-time = "2026-10-04T02:37:56.814Z" },
]
