version = 1
revision = 3
requires-python = ">=3.13"

[[package]]
name = "neo4j"
version = "6.3.1"
source = { registry = "https://pypi.org/simple" }
dependencies = [
    { name = "pytz" },
]
sdist = { url = "https://files.pythonhosted.org/packages/59/46/7a562799679d0c9bd3f12d28b43591eb953efc975e1241536733c5d8bcd3/neo4j-6.3.1.tar.gz", hash = "sha256:e75530ca0691d69916c56acdb7401df4ee9e1d5084cfcfb3ede796db38667dcd", size = 242885, upload-time = "2026-09-15T08:08:32.67Z" }
wheels = [
    { url = "https://files.pythonhosted.org/packages/08/a5/e33f76f4eb7e72c350e65802151884048325f889ab5d156ce4b6d9bde959/neo4j-6.3.1-py3-none-any.whl", hash = "sha256:a1b702d356f88885c27bdcf7dcd56af76423dbff4e26064e5bf5dbf47af53044", size = 331462, upload-time = "2026-09-15T08:08:31.252Z" },
]

[[package]]
name = "neo4j-bench"
version = "0.1.0"
source = { virtual = "." }
dependencies = [
    { name = "neo4j" },
]

[package.metadata]
requires-dist = [{ name = "neo4j", specifier = "==6.3.1" }]

[[package]]
name = "pytz"
version = "2026.4"
source = { registry = "https://pypi.org/simple" }
sdist = { url = "https://files.pythonhosted.org/packages/b0/ed/fa23d28713004418bbf2407127f80f385bfb0bf4e677bef02c25c27b00ee/pytz-2026.4.tar.gz", hash = "sha256:464303645bafafd72418898368b2429458f709cf1eb6a15372fbcc396b64da63", size = 318444, upload-time = "2026-09-24T03:58:40.443Z" }
wheels = [
    { url = "https://files.pythonhosted.org/packages/d5/11/e3df59614bebe0ca50c905442603eda64ae7ac19811d4e4f74aa2d51ca85/pytz-2026.4-py2.py3-none-any.whl", hash = "sha256:9d514388fbc89ca0833203464272ac485b8828568ab73532f5020f17e892a0ff", size = 506747, upload-time = "2026-09-24T03:58:38.629Z" },
]
